
Microsoft Visual Studio Solution File, Format Version 12.00
# Visual Studio Version 17
VisualStudioVersion = 17.9.34728.123
MinimumVisualStudioVersion = 10.0.40219.1
Project("{FAE04EC0-301F-11D3-BF4B-00C04F79EFBC}") = "prak52_eto_vtoroy_albom", "prak52_eto_vtoroy_albom\prak52_eto_vtoroy_albom.csproj", "{ED2251E1-3F8B-41F6-A045-BD0AB8F0D415}"
EndProject
Project("{FAE04EC0-301F-11D3-BF4B-00C04F79EFBC}") = "DeSerializer", "DeSerializer\DeSerializer.csproj", "{E118A96E-C5DC-46B7-BE10-8AE0E4D4BE6A}"
EndProject
Project("{FAE04EC0-301F-11D3-BF4B-00C04F79EFBC}") = "languages", "languages\languages.csproj", "{B34E5B0F-B363-4839-B016-32865EE5E100}"
EndProject
Global
	GlobalSection(SolutionConfigurationPlatforms) = preSolution
		Debug|Any CPU = Debug|Any CPU
		Release|Any CPU = Release|Any CPU
	EndGlobalSection
	GlobalSection(ProjectConfigurationPlatforms) = postSolution
		{ED2251E1-3F8B-41F6-A045-BD0AB8F0D415}.Debug|Any CPU.ActiveCfg = Debug|Any CPU
		{ED2251E1-3F8B-41F6-A045-BD0AB8F0D415}.Debug|Any CPU.Build.0 = Debug|Any CPU
		{ED2251E1-3F8B-41F6-A045-BD0AB8F0D415}.Release|Any CPU.ActiveCfg = Release|Any CPU
		{ED2251E1-3F8B-41F6-A045-BD0AB8F0D415}.Release|Any CPU.Build.0 = Release|Any CPU
		{E118A96E-C5DC-46B7-BE10-8AE0E4D4BE6A}.Debug|Any CPU.ActiveCfg = Debug|Any CPU
		{E118A96E-C5DC-46B7-BE10-8AE0E4D4BE6A}.Debug|Any CPU.Build.0 = Debug|Any CPU
		{E118A96E-C5DC-46B7-BE10-8AE0E4D4BE6A}.Release|Any CPU.ActiveCfg = Release|Any CPU
		{E118A96E-C5DC-46B7-BE10-8AE0E4D4BE6A}.Release|Any CPU.Build.0 = Release|Any CPU
		{B34E5B0F-B363-4839-B016-32865EE5E100}.Debug|Any CPU.ActiveCfg = Debug|Any CPU
		{B34E5B0F-B363-4839-B016-32865EE5E100}.Debug|Any CPU.Build.0 = Debug|Any CPU
		{B34E5B0F-B363-4839-B016-32865EE5E100}.Release|Any CPU.ActiveCfg = Release|Any CPU
		{B34E5B0F-B363-4839-B016-32865EE5E100}.Release|Any CPU.Build.0 = Release|Any CPU
	EndGlobalSection
	GlobalSection(SolutionProperties) = preSolution
		HideSolutionNode = FALSE
	EndGlobalSection
	GlobalSection(ExtensibilityGlobals) = postSolution
		SolutionGuid = {D5FFE40C-3DA9-4994-9681-6C2BBC8F812D}
	EndGlobalSection
EndGlobal
